
Microsoft Visual Studio Solution File, Format Version 12.00
# Visual Studio 2013
Project("{FAE04EC0-301F-11D3-BF4B-00C04F79EFBC}") = "Survivor Zombies.CSharp", "Survivor Zombies.CSharp.csproj", "{087D5791-3D1D-2AE1-9242-F8243F6BCFE9}"
EndProject
Global
	GlobalSection(SolutionConfigurationPlatforms) = preSolution
		Debug|Any CPU = Debug|Any CPU
		Release|Any CPU = Release|Any CPU
	EndGlobalSection
	GlobalSection(ProjectConfigurationPlatforms) = postSolution
		{087D5791-3D1D-2AE1-9242-F8243F6BCFE9}.Debug|Any CPU.ActiveCfg = Debug|Any CPU
		{087D5791-3D1D-2AE1-9242-F8243F6BCFE9}.Debug|Any CPU.Build.0 = Debug|Any CPU
		{087D5791-3D1D-2AE1-9242-F8243F6BCFE9}.Release|Any CPU.ActiveCfg = Release|Any CPU
		{087D5791-3D1D-2AE1-9242-F8243F6BCFE9}.Release|Any CPU.Build.0 = Release|Any CPU
	EndGlobalSection
	GlobalSection(SolutionProperties) = preSolution
		HideSolutionNode = FALSE
	EndGlobalSection
EndGlobal
